// !$*UTF8*$!
{
	archiveVersion = 1;
	classes = {
	};
	objectVersion = 56;
	objects = {

/* Begin PBXBuildFile section */
		8E3FFF5828F02BE4009038A3 /* Extension + UIView.swift in Sources */ = {isa = PBXBuildFile; fileRef = 8E3FFF5728F02BE4009038A3 /* Extension + UIView.swift */; };
		8E9ADF0828EC7F2C0092DCDA /* AppDelegate.swift in Sources */ = {isa = PBXBuildFile; fileRef = 8E9ADF0728EC7F2C0092DCDA /* AppDelegate.swift */; };
		8E9ADF0A28EC7F2C0092DCDA /* SceneDelegate.swift in Sources */ = {isa = PBXBuildFile; fileRef = 8E9ADF0928EC7F2C0092DCDA /* SceneDelegate.swift */; };
		8E9ADF0C28EC7F2C0092DCDA /* LoginViewController.swift in Sources */ = {isa = PBXBuildFile; fileRef = 8E9ADF0B28EC7F2C0092DCDA /* LoginViewController.swift */; };
		8E9ADF0F28EC7F2C0092DCDA /* Main.storyboard in Resources */ = {isa = PBXBuildFile; fileRef = 8E9ADF0D28EC7F2C0092DCDA /* Main.storyboard */; };
		8E9ADF1128EC7F320092DCDA /* Assets.xcassets in Resources */ = {isa = PBXBuildFile; fileRef = 8E9ADF1028EC7F320092DCDA /* Assets.xcassets */; };
		8E9ADF1428EC7F320092DCDA /* LaunchScreen.storyboard in Resources */ = {isa = PBXBuildFile; fileRef = 8E9ADF1228EC7F320092DCDA /* LaunchScreen.storyboard */; };
		8E9ADF2028EC892C0092DCDA /* HomeViewController.swift in Sources */ = {isa = PBXBuildFile; fileRef = 8E9ADF1F28EC892C0092DCDA /* HomeViewController.swift */; };
		8E9ADF2228EC89390092DCDA /* UserViewController.swift in Sources */ = {isa = PBXBuildFile; fileRef = 8E9ADF2128EC89390092DCDA /* UserViewController.swift */; };
		8E9ADF2428EC89460092DCDA /* ContactViewController.swift in Sources */ = {isa = PBXBuildFile; fileRef = 8E9ADF2328EC89460092DCDA /* ContactViewController.swift */; };
		8E9ADF2628EC89510092DCDA /* LogOutViewController.swift in Sources */ = {isa = PBXBuildFile; fileRef = 8E9ADF2528EC89510092DCDA /* LogOutViewController.swift */; };
		8E9ADF2828EC98D10092DCDA /* TabBarViewController.swift in Sources */ = {isa = PBXBuildFile; fileRef = 8E9ADF2728EC98D10092DCDA /* TabBarViewController.swift */; };
		8E9ADF2A28ECA1630092DCDA /* BioViewController.swift in Sources */ = {isa = PBXBuildFile; fileRef = 8E9ADF2928ECA1630092DCDA /* BioViewController.swift */; };
		8E9ADF2C28ECA2490092DCDA /* User.swift in Sources */ = {isa = PBXBuildFile; fileRef = 8E9ADF2B28ECA2490092DCDA /* User.swift */; };
/* End PBXBuildFile section */

/* Begin PBXFileReference section */
		8E3FFF5728F02BE4009038A3 /* Extension + UIView.swift */ = {isa = PBXFileReference; lastKnownFileType = sourcecode.swift; path = "Extension + UIView.swift"; sourceTree = "<group>"; };
		8E9ADF0428EC7F2C0092DCDA /* myBioApp.app */ = {isa = PBXFileReference; explicitFileType = wrapper.application; includeInIndex = 0; path = myBioApp.app; sourceTree = BUILT_PRODUCTS_DIR; };
		8E9ADF0728EC7F2C0092DCDA /* AppDelegate.swift */ = {isa = PBXFileReference; lastKnownFileType = sourcecode.swift; path = AppDelegate.swift; sourceTree = "<group>"; };
		8E9ADF0928EC7F2C0092DCDA /* SceneDelegate.swift */ = {isa = PBXFileReference; lastKnownFileType = sourcecode.swift; path = SceneDelegate.swift; sourceTree = "<group>"; };
		8E9ADF0B28EC7F2C0092DCDA /* LoginViewController.swift */ = {isa = PBXFileReference; lastKnownFileType = sourcecode.swift; path = LoginViewController.swift; sourceTree = "<group>"; };
		8E9ADF0E28EC7F2C0092DCDA /* Base */ = {isa = PBXFileReference; lastKnownFileType = file.storyboard; name = Base; path = Base.lproj/Main.storyboard; sourceTree = "<group>"; };
		8E9ADF1028EC7F320092DCDA /* Assets.xcassets */ = {isa = PBXFileReference; lastKnownFileType = folder.assetcatalog; path = Assets.xcassets; sourceTree = "<group>"; };
		8E9ADF1328EC7F320092DCDA /* Base */ = {isa = PBXFileReference; lastKnownFileType = file.storyboard; name = Base; path = Base.lproj/LaunchScreen.storyboard; sourceTree = "<group>"; };
		8E9ADF1528EC7F320092DCDA /* Info.plist */ = {isa = PBXFileReference; lastKnownFileType = text.plist.xml; path = Info.plist; sourceTree = "<group>"; };
		8E9ADF1F28EC892C0092DCDA /* HomeViewController.swift */ = {isa = PBXFileReference; lastKnownFileType = sourcecode.swift; path = HomeViewController.swift; sourceTree = "<group>"; };
		8E9ADF2128EC89390092DCDA /* UserViewController.swift */ = {isa = PBXFileReference; lastKnownFileType = sourcecode.swift; path = UserViewController.swift; sourceTree = "<group>"; };
		8E9ADF2328EC89460092DCDA /* ContactViewController.swift */ = {isa = PBXFileReference; lastKnownFileType = sourcecode.swift; path = ContactViewController.swift; sourceTree = "<group>"; };
		8E9ADF2528EC89510092DCDA /* LogOutViewController.swift */ = {isa = PBXFileReference; lastKnownFileType = sourcecode.swift; path = LogOutViewController.swift; sourceTree = "<group>"; };
		8E9ADF2728EC98D10092DCDA /* TabBarViewController.swift */ = {isa = PBXFileReference; lastKnownFileType = sourcecode.swift; path = TabBarViewController.swift; sourceTree = "<group>"; };
		8E9ADF2928ECA1630092DCDA /* BioViewController.swift */ = {isa = PBXFileReference; lastKnownFileType = sourcecode.swift; path = BioViewController.swift; sourceTree = "<group>"; };
		8E9ADF2B28ECA2490092DCDA /* User.swift */ = {isa = PBXFileReference; lastKnownFileType = sourcecode.swift; path = User.swift; sourceTree = "<group>"; };
/* End PBXFileReference section */

/* Begin PBXFrameworksBuildPhase section */
		8E9ADF0128EC7F2C0092DCDA /* Frameworks */ = {
			isa = PBXFrameworksBuildPhase;
			buildActionMask = 2147483647;
			files = (
			);
			runOnlyForDeploymentPostprocessing = 0;
		};
/* End PBXFrameworksBuildPhase section */

/* Begin PBXGroup section */
		8E3FFF5928F02BEA009038A3 /* Extension */ = {
			isa = PBXGroup;
			children = (
				8E3FFF5728F02BE4009038A3 /* Extension + UIView.swift */,
			);
			path = Extension;
			sourceTree = "<group>";
		};
		8E9ADEFB28EC7F2C0092DCDA = {
			isa = PBXGroup;
			children = (
				8E9ADF0628EC7F2C0092DCDA /* myBioApp */,
				8E9ADF0528EC7F2C0092DCDA /* Products */,
			);
			sourceTree = "<group>";
		};
		8E9ADF0528EC7F2C0092DCDA /* Products */ = {
			isa = PBXGroup;
			children = (
				8E9ADF0428EC7F2C0092DCDA /* myBioApp.app */,
			);
			name = Products;
			sourceTree = "<group>";
		};
		8E9ADF0628EC7F2C0092DCDA /* myBioApp */ = {
			isa = PBXGroup;
			children = (
				8E9ADF1C28EC80370092DCDA /* ViewControllers */,
				8E9ADF1B28EC80210092DCDA /* App */,
				8E9ADF1D28EC804B0092DCDA /* Storyboards */,
				8E9ADF1028EC7F320092DCDA /* Assets.xcassets */,
			);
			path = myBioApp;
			sourceTree = "<group>";
		};
		8E9ADF1B28EC80210092DCDA /* App */ = {
			isa = PBXGroup;
			children = (
				8E9ADF0728EC7F2C0092DCDA /* AppDelegate.swift */,
				8E9ADF0928EC7F2C0092DCDA /* SceneDelegate.swift */,
				8E9ADF1528EC7F320092DCDA /* Info.plist */,
			);
			path = App;
			sourceTree = "<group>";
		};
		8E9ADF1C28EC80370092DCDA /* ViewControllers */ = {
			isa = PBXGroup;
			children = (
				8E9ADF0B28EC7F2C0092DCDA /* LoginViewController.swift */,
				8E9ADF2728EC98D10092DCDA /* TabBarViewController.swift */,
				8E9ADF1F28EC892C0092DCDA /* HomeViewController.swift */,
				8E9ADF2128EC89390092DCDA /* UserViewController.swift */,
				8E9ADF2928ECA1630092DCDA /* BioViewController.swift */,
				8E9ADF2328EC89460092DCDA /* ContactViewController.swift */,
				8E9ADF2528EC89510092DCDA /* LogOutViewController.swift */,
				8E9ADF1E28EC86B80092DCDA /* Models */,
				8E3FFF5928F02BEA009038A3 /* Extension */,
			);
			path = ViewControllers;
			sourceTree = "<group>";
		};
		8E9ADF1D28EC804B0092DCDA /* Storyboards */ = {
			isa = PBXGroup;
			children = (
				8E9ADF0D28EC7F2C0092DCDA /* Main.storyboard */,
				8E9ADF1228EC7F320092DCDA /* LaunchScreen.storyboard */,
			);
			path = Storyboards;
			sourceTree = "<group>";
		};
		8E9ADF1E28EC86B80092DCDA /* Models */ = {
			isa = PBXGroup;
			children = (
				8E9ADF2B28ECA2490092DCDA /* User.swift */,
			);
			path = Models;
			sourceTree = "<group>";
		};
/* End PBXGroup section */

/* Begin PBXNativeTarget section */
		8E9ADF0328EC7F2C0092DCDA /* myBioApp */ = {
			isa = PBXNativeTarget;
			buildConfigurationList = 8E9ADF1828EC7F320092DCDA /* Build configuration list for PBXNativeTarget "myBioApp" */;
			buildPhases = (
				8E9ADF0028EC7F2C0092DCDA /* Sources */,
				8E9ADF0128EC7F2C0092DCDA /* Frameworks */,
				8E9ADF0228EC7F2C0092DCDA /* Resources */,
			);
			buildRules = (
			);
			dependencies = (
			);
			name = myBioApp;
			productName = myBioApp;
			productReference = 8E9ADF0428EC7F2C0092DCDA /* myBioApp.app */;
			productType = "com.apple.product-type.application";
		};
/* End PBXNativeTarget section */

/* Begin PBXProject section */
		8E9ADEFC28EC7F2C0092DCDA /* Project object */ = {
			isa = PBXProject;
			attributes = {
				BuildIndependentTargetsInParallel = 1;
				LastSwiftUpdateCheck = 1400;
				LastUpgradeCheck = 1400;
				TargetAttributes = {
					8E9ADF0328EC7F2C0092DCDA = {
						CreatedOnToolsVersion = 14.0;
					};
				};
			};
			buildConfigurationList = 8E9ADEFF28EC7F2C0092DCDA /* Build configuration list for PBXProject "myBioApp" */;
			compatibilityVersion = "Xcode 14.0";
			developmentRegion = en;
			hasScannedForEncodings = 0;
			knownRegions = (
				en,
				Base,
			);
			mainGroup = 8E9ADEFB28EC7F2C0092DCDA;
			productRefGroup = 8E9ADF0528EC7F2C0092DCDA /* Products */;
			projectDirPath = "";
			projectRoot = "";
			targets = (
				8E9ADF0328EC7F2C0092DCDA /* myBioApp */,
			);
		};
/* End PBXProject section */

/* Begin PBXResourcesBuildPhase section */
		8E9ADF0228EC7F2C0092DCDA /* Resources */ = {
			isa = PBXResourcesBuildPhase;
			buildActionMask = 2147483647;
			files = (
				8E9ADF1428EC7F320092DCDA /* LaunchScreen.storyboard in Resources */,
				8E9ADF1128EC7F320092DCDA /* Assets.xcassets in Resources */,
				8E9ADF0F28EC7F2C0092DCDA /* Main.storyboard in Resources */,
			);
			runOnlyForDeploymentPostprocessing = 0;
		};
/* End PBXResourcesBuildPhase section */

/* Begin PBXSourcesBuildPhase section */
		8E9ADF0028EC7F2C0092DCDA /* Sources */ = {
			isa = PBXSourcesBuildPhase;
			buildActionMask = 2147483647;
			files = (
				8E3FFF5828F02BE4009038A3 /* Extension + UIView.swift in Sources */,
				8E9ADF2828EC98D10092DCDA /* TabBarViewController.swift in Sources */,
				8E9ADF0C28EC7F2C0092DCDA /* LoginViewController.swift in Sources */,
				8E9ADF2228EC89390092DCDA /* UserViewController.swift in Sources */,
				8E9ADF0828EC7F2C0092DCDA /* AppDelegate.swift in Sources */,
				8E9ADF0A28EC7F2C0092DCDA /* SceneDelegate.swift in Sources */,
				8E9ADF2028EC892C0092DCDA /* HomeViewController.swift in Sources */,
				8E9ADF2428EC89460092DCDA /* ContactViewController.swift in Sources */,
				8E9ADF2628EC89510092DCDA /* LogOutViewController.swift in Sources */,
				8E9ADF2A28ECA1630092DCDA /* BioViewController.swift in Sources */,
				8E9ADF2C28ECA2490092DCDA /* User.swift in Sources */,
			);
			runOnlyForDeploymentPostprocessing = 0;
		};
/* End PBXSourcesBuildPhase section */

/* Begin PBXVariantGroup section */
		8E9ADF0D28EC7F2C0092DCDA /* Main.storyboard */ = {
			isa = PBXVariantGroup;
			children = (
				8E9ADF0E28EC7F2C0092DCDA /* Base */,
			);
			name = Main.storyboard;
			sourceTree = "<group>";
		};
		8E9ADF1228EC7F320092DCDA /* LaunchScreen.storyboard */ = {
			isa = PBXVariantGroup;
			children = (
				8E9ADF1328EC7F320092DCDA /* Base */,
			);
			name = LaunchScreen.storyboard;
			sourceTree = "<group>";
		};
/* End PBXVariantGroup section */

/* Begin XCBuildConfiguration section */
		8E9ADF1628EC7F320092DCDA /* Debug */ = {
			isa = XCBuildConfiguration;
			buildSettings = {
				ALWAYS_SEARCH_USER_PATHS = NO;
				CLANG_ANALYZER_NONNULL = YES;
				CLANG_ANALYZER_NUMBER_OBJECT_CONVERSION = YES_AGGRESSIVE;
				CLANG_CXX_LANGUAGE_STANDARD = "gnu++20";
				CLANG_ENABLE_MODULES = YES;
				CLANG_ENABLE_OBJC_ARC = YES;
				CLANG_ENABLE_OBJC_WEAK = YES;
				CLANG_WARN_BLOCK_CAPTURE_AUTORELEASING = YES;
				CLANG_WARN_BOOL_CONVERSION = YES;
				CLANG_WARN_COMMA = YES;
				CLANG_WARN_CONSTANT_CONVERSION = YES;
				CLANG_WARN_DEPRECATED_OBJC_IMPLEMENTATIONS = YES;
				CLANG_WARN_DIRECT_OBJC_ISA_USAGE = YES_ERROR;
				CLANG_WARN_DOCUMENTATION_COMMENTS = YES;
				CLANG_WARN_EMPTY_BODY = YES;
				CLANG_WARN_ENUM_CONVERSION = YES;
				CLANG_WARN_INFINITE_RECURSION = YES;
				CLANG_WARN_INT_CONVERSION = YES;
				CLANG_WARN_NON_LITERAL_NULL_CONVERSION = YES;
				CLANG_WARN_OBJC_IMPLICIT_RETAIN_SELF = YES;
				CLANG_WARN_OBJC_LITERAL_CONVERSION = YES;
				CLANG_WARN_OBJC_ROOT_CLASS = YES_ERROR;
				CLANG_WARN_QUOTED_INCLUDE_IN_FRAMEWORK_HEADER = YES;
				CLANG_WARN_RANGE_LOOP_ANALYSIS = YES;
				CLANG_WARN_STRICT_PROTOTYPES = YES;
				CLANG_WARN_SUSPICIOUS_MOVE = YES;
				CLANG_WARN_UNGUARDED_AVAILABILITY = YES_AGGRESSIVE;
				CLANG_WARN_UNREACHABLE_CODE = YES;
				CLANG_WARN__DUPLICATE_METHOD_MATCH = YES;
				COPY_PHASE_STRIP = NO;
				DEBUG_INFORMATION_FORMAT = dwarf;
				ENABLE_STRICT_OBJC_MSGSEND = YES;
				ENABLE_TESTABILITY = YES;
				GCC_C_LANGUAGE_STANDARD = gnu11;
				GCC_DYNAMIC_NO_PIC = NO;
				GCC_NO_COMMON_BLOCKS = YES;
				GCC_OPTIMIZATION_LEVEL = 0;
				GCC_PREPROCESSOR_DEFINITIONS = (
					"DEBUG=1",
					"$(inherited)",
				);
				GCC_WARN_64_TO_32_BIT_CONVERSION = YES;
				GCC_WARN_ABOUT_RETURN_TYPE = YES_ERROR;
				GCC_WARN_UNDECLARED_SELECTOR = YES;
				GCC_WARN_UNINITIALIZED_AUTOS = YES_AGGRESSIVE;
				GCC_WARN_UNUSED_FUNCTION = YES;
				GCC_WARN_UNUSED_VARIABLE = YES;
				IPHONEOS_DEPLOYMENT_TARGET = 16.0;
				MTL_ENABLE_DEBUG_INFO = INCLUDE_SOURCE;
				MTL_FAST_MATH = YES;
				ONLY_ACTIVE_ARCH = YES;
				SDKROOT = iphoneos;
				SWIFT_ACTIVE_COMPILATION_CONDITIONS = DEBUG;
				SWIFT_OPTIMIZATION_LEVEL = "-Onone";
			};
			name = Debug;
		};
		8E9ADF1728EC7F320092DCDA /* Release */ = {
			isa = XCBuildConfiguration;
			buildSettings = {
				ALWAYS_SEARCH_USER_PATHS = NO;
				CLANG_ANALYZER_NONNULL = YES;
				CLANG_ANALYZER_NUMBER_OBJECT_CONVERSION = YES_AGGRESSIVE;
				CLANG_CXX_LANGUAGE_STANDARD = "gnu++20";
				CLANG_ENABLE_MODULES = YES;
				CLANG_ENABLE_OBJC_ARC = YES;
				CLANG_ENABLE_OBJC_WEAK = YES;
				CLANG_WARN_BLOCK_CAPTURE_AUTORELEASING = YES;
				CLANG_WARN_BOOL_CONVERSION = YES;
				CLANG_WARN_COMMA = YES;
				CLANG_WARN_CONSTANT_CONVERSION = YES;
				CLANG_WARN_DEPRECATED_OBJC_IMPLEMENTATIONS = YES;
				CLANG_WARN_DIRECT_OBJC_ISA_USAGE = YES_ERROR;
				CLANG_WARN_DOCUMENTATION_COMMENTS = YES;
				CLANG_WARN_EMPTY_BODY = YES;
				CLANG_WARN_ENUM_CONVERSION = YES;
				CLANG_WARN_INFINITE_RECURSION = YES;
				CLANG_WARN_INT_CONVERSION = YES;
				CLANG_WARN_NON_LITERAL_NULL_CONVERSION = YES;
				CLANG_WARN_OBJC_IMPLICIT_RETAIN_SELF = YES;
				CLANG_WARN_OBJC_LITERAL_CONVERSION = YES;
				CLANG_WARN_OBJC_ROOT_CLASS = YES_ERROR;
				CLANG_WARN_QUOTED_INCLUDE_IN_FRAMEWORK_HEADER = YES;
				CLANG_WARN_RANGE_LOOP_ANALYSIS = YES;
				CLANG_WARN_STRICT_PROTOTYPES = YES;
				CLANG_WARN_SUSPICIOUS_MOVE = YES;
				CLANG_WARN_UNGUARDED_AVAILABILITY = YES_AGGRESSIVE;
				CLANG_WARN_UNREACHABLE_CODE = YES;
				CLANG_WARN__DUPLICATE_METHOD_MATCH = YES;
				COPY_PHASE_STRIP = NO;
				DEBUG_INFORMATION_FORMAT = "dwarf-with-dsym";
				ENABLE_NS_ASSERTIONS = NO;
				ENABLE_STRICT_OBJC_MSGSEND = YES;
				GCC_C_LANGUAGE_STANDARD = gnu11;
				GCC_NO_COMMON_BLOCKS = YES;
				GCC_WARN_64_TO_32_BIT_CONVERSION = YES;
				GCC_WARN_ABOUT_RETURN_TYPE = YES_ERROR;
				GCC_WARN_UNDECLARED_SELECTOR = YES;
				GCC_WARN_UNINITIALIZED_AUTOS = YES_AGGRESSIVE;
				GCC_WARN_UNUSED_FUNCTION = YES;
				GCC_WARN_UNUSED_VARIABLE = YES;
				IPHONEOS_DEPLOYMENT_TARGET = 16.0;
				MTL_ENABLE_DEBUG_INFO = NO;
				MTL_FAST_MATH = YES;
				SDKROOT = iphoneos;
				SWIFT_COMPILATION_MODE = wholemodule;
				SWIFT_OPTIMIZATION_LEVEL = "-O";
				VALIDATE_PRODUCT = YES;
			};
			name = Release;
		};
		8E9ADF1928EC7F320092DCDA /* Debug */ = {
			isa = XCBuildConfiguration;
			buildSettings = {
				ASSETCATALOG_COMPILER_APPICON_NAME = AppIcon;
				ASSETCATALOG_COMPILER_GLOBAL_ACCENT_COLOR_NAME = AccentColor;
				CODE_SIGN_STYLE = Automatic;
				CURRENT_PROJECT_VERSION = 1;
				DEVELOPMENT_TEAM = 3UZQ4AV9X8;
				GENERATE_INFOPLIST_FILE = YES;
				INFOPLIST_FILE = myBioApp/App/Info.plist;
				INFOPLIST_KEY_UIApplicationSupportsIndirectInputEvents = YES;
				INFOPLIST_KEY_UILaunchStoryboardName = LaunchScreen;
				INFOPLIST_KEY_UIMainStoryboardFile = Main;
				INFOPLIST_KEY_UISupportedInterfaceOrientations = UIInterfaceOrientationPortrait;
				INFOPLIST_KEY_UISupportedInterfaceOrientations_iPad = "UIInterfaceOrientationLandscapeLeft UIInterfaceOrientationLandscapeRight UIInterfaceOrientationPortrait UIInterfaceOrientationPortraitUpsideDown";
				IPHONEOS_DEPLOYMENT_TARGET = 15.5;
				LD_RUNPATH_SEARCH_PATHS = (
					"$(inherited)",
					"@executable_path/Frameworks",
				);
				MARKETING_VERSION = 1.0;
				PRODUCT_BUNDLE_IDENTIFIER = AntonBoev.myBioApp;
				PRODUCT_NAME = "$(TARGET_NAME)";
				SUPPORTED_PLATFORMS = "iphoneos iphonesimulator";
				SUPPORTS_MACCATALYST = NO;
				SUPPORTS_MAC_DESIGNED_FOR_IPHONE_IPAD = NO;
				SWIFT_EMIT_LOC_STRINGS = YES;
				SWIFT_VERSION = 5.0;
				TARGETED_DEVICE_FAMILY = 1;
			};
			name = Debug;
		};
		8E9ADF1A28EC7F320092DCDA /* Release */ = {
			isa = XCBuildConfiguration;
			buildSettings = {
				ASSETCATALOG_COMPILER_APPICON_NAME = AppIcon;
				ASSETCATALOG_COMPILER_GLOBAL_ACCENT_COLOR_NAME = AccentColor;
				CODE_SIGN_STYLE = Automatic;
				CURRENT_PROJECT_VERSION = 1;
				DEVELOPMENT_TEAM = 3UZQ4AV9X8;
				GENERATE_INFOPLIST_FILE = YES;
				INFOPLIST_FILE = myBioApp/App/Info.plist;
				INFOPLIST_KEY_UIApplicationSupportsIndirectInputEvents = YES;
				INFOPLIST_KEY_UILaunchStoryboardName = LaunchScreen;
				INFOPLIST_KEY_UIMainStoryboardFile = Main;
				INFOPLIST_KEY_UISupportedInterfaceOrientations = UIInterfaceOrientationPortrait;
				INFOPLIST_KEY_UISupportedInterfaceOrientations_iPad = "UIInterfaceOrientationLandscapeLeft UIInterfaceOrientationLandscapeRight UIInterfaceOrientationPortrait UIInterfaceOrientationPortraitUpsideDown";
				IPHONEOS_DEPLOYMENT_TARGET = 15.5;
				LD_RUNPATH_SEARCH_PATHS = (
					"$(inherited)",
					"@executable_path/Frameworks",
				);
				MARKETING_VERSION = 1.0;
				PRODUCT_BUNDLE_IDENTIFIER = AntonBoev.myBioApp;
				PRODUCT_NAME = "$(TARGET_NAME)";
				SUPPORTED_PLATFORMS = "iphoneos iphonesimulator";
				SUPPORTS_MACCATALYST = NO;
				SUPPORTS_MAC_DESIGNED_FOR_IPHONE_IPAD = NO;
				SWIFT_EMIT_LOC_STRINGS = YES;
				SWIFT_VERSION = 5.0;
				TARGETED_DEVICE_FAMILY = 1;
			};
			name = Release;
		};
/* End XCBuildConfiguration section */

/* Begin XCConfigurationList section */
		8E9ADEFF28EC7F2C0092DCDA /* Build configuration list for PBXProject "myBioApp" */ = {
			isa = XCConfigurationList;
			buildConfigurations = (
				8E9ADF1628EC7F320092DCDA /* Debug */,
				8E9ADF1728EC7F320092DCDA /* Release */,
			);
			defaultConfigurationIsVisible = 0;
			defaultConfigurationName = Release;
		};
		8E9ADF1828EC7F320092DCDA /* Build configuration list for PBXNativeTarget "myBioApp" */ = {
			isa = XCConfigurationList;
			buildConfigurations = (
				8E9ADF1928EC7F320092DCDA /* Debug */,
				8E9ADF1A28EC7F320092DCDA /* Release */,
			);
			defaultConfigurationIsVisible = 0;
			defaultConfigurationName = Release;
		};
/* End XCConfigurationList section */
	};
	rootObject = 8E9ADEFC28EC7F2C0092DCDA /* Project object */;
}
